
Microsoft Visual Studio Solution File, Format Version 12.00
# Visual Studio 15
VisualStudioVersion = 15.0.27130.2010
MinimumVisualStudioVersion = 10.0.40219.1
Project("{8BC9CEB8-8B4A-11D0-8D11-00A0C91BC942}") = "WindowsApp", "Windows\WindowsApp\WindowsApp.vcxproj", "{4B2FC597-2EE7-47DA-800E-8B1EEA63E61F}"
EndProject
Project("{8BC9CEB8-8B4A-11D0-8D11-00A0C91BC942}") = "LinuxApp", "Linux\LinuxApp\LinuxApp.vcxproj", "{CB589660-2564-4913-A2C3-B282AA086F81}"
EndProject
Global
	GlobalSection(SolutionConfigurationPlatforms) = preSolution
		Debug|ARM = Debug|ARM
		Debug|x64 = Debug|x64
		Debug|x86 = Debug|x86
		Release|ARM = Release|ARM
		Release|x64 = Release|x64
		Release|x86 = Release|x86
	EndGlobalSection
	GlobalSection(ProjectConfigurationPlatforms) = postSolution
		{4B2FC597-2EE7-47DA-800E-8B1EEA63E61F}.Debug|ARM.ActiveCfg = Debug|Win32
		{4B2FC597-2EE7-47DA-800E-8B1EEA63E61F}.Debug|x64.ActiveCfg = Debug|x64
		{4B2FC597-2EE7-47DA-800E-8B1EEA63E61F}.Debug|x64.Build.0 = Debug|x64
		{4B2FC597-2EE7-47DA-800E-8B1EEA63E61F}.Debug|x86.ActiveCfg = Debug|Win32
		{4B2FC597-2EE7-47DA-800E-8B1EEA63E61F}.Debug|x86.Build.0 = Debug|Win32
		{4B2FC597-2EE7-47DA-800E-8B1EEA63E61F}.Release|ARM.ActiveCfg = Release|Win32
		{4B2FC597-2EE7-47DA-800E-8B1EEA63E61F}.Release|x64.ActiveCfg = Release|x64
		{4B2FC597-2EE7-47DA-800E-8B1EEA63E61F}.Release|x64.Build.0 = Release|x64
		{4B2FC597-2EE7-47DA-800E-8B1EEA63E61F}.Release|x86.ActiveCfg = Release|Win32
		{4B2FC597-2EE7-47DA-800E-8B1EEA63E61F}.Release|x86.Build.0 = Release|Win32
		{CB589660-2564-4913-A2C3-B282AA086F81}.Debug|ARM.ActiveCfg = Debug|ARM
		{CB589660-2564-4913-A2C3-B282AA086F81}.Debug|ARM.Build.0 = Debug|ARM
		{CB589660-2564-4913-A2C3-B282AA086F81}.Debug|x64.ActiveCfg = Debug|x64
		{CB589660-2564-4913-A2C3-B282AA086F81}.Debug|x64.Build.0 = Debug|x64
		{CB589660-2564-4913-A2C3-B282AA086F81}.Debug|x86.ActiveCfg = Debug|x86
		{CB589660-2564-4913-A2C3-B282AA086F81}.Debug|x86.Build.0 = Debug|x86
		{CB589660-2564-4913-A2C3-B282AA086F81}.Release|ARM.ActiveCfg = Release|ARM
		{CB589660-2564-4913-A2C3-B282AA086F81}.Release|ARM.Build.0 = Release|ARM
		{CB589660-2564-4913-A2C3-B282AA086F81}.Release|x64.ActiveCfg = Release|x64
		{CB589660-2564-4913-A2C3-B282AA086F81}.Release|x64.Build.0 = Release|x64
		{CB589660-2564-4913-A2C3-B282AA086F81}.Release|x86.ActiveCfg = Release|x86
		{CB589660-2564-4913-A2C3-B282AA086F81}.Release|x86.Build.0 = Release|x86
	EndGlobalSection
	GlobalSection(SolutionProperties) = preSolution
		HideSolutionNode = FALSE
	EndGlobalSection
	GlobalSection(ExtensibilityGlobals) = postSolution
		SolutionGuid = {AFAADF64-7081-49F8-9A62-8445B646E3BC}
	EndGlobalSection
EndGlobal
