<?xml version="1.0" encoding="utf-8"?>
<Project ToolsVersion="4.0" xmlns="http://schemas.microsoft.com/developer/msbuild/2003">
  <ItemGroup>
    <Filter Include="Source Files">
      <UniqueIdentifier>{4FC737F1-C7A5-4376-A066-2A32D752A2FF}</UniqueIdentifier>
      <Extensions>cpp;c;cc;cxx;def;odl;idl;hpj;bat;asm;asmx</Extensions>
    </Filter>
    <Filter Include="Resource Files">
      <UniqueIdentifier>{67DA6AB6-F800-4c08-8B7A-83BB121AAD01}</UniqueIdentifier>
      <Extensions>rc;ico;cur;bmp;dlg;rc2;rct;bin;rgs;gif;jpg;jpeg;jpe;resx;tiff;tif;png;wav;mfcribbon-ms</Extensions>
    </Filter>
    <Filter Include="Shared">
      <UniqueIdentifier>{93995380-89BD-4b04-88EB-625FBE52EBFB}</UniqueIdentifier>
      <Extensions>h;hh;hpp;hxx;hm;inl;inc;xsd</Extensions>
    </Filter>
    <Filter Include="Header Files">
      <UniqueIdentifier>{c1b3917d-023c-4393-adec-2b654cfcafd6}</UniqueIdentifier>
    </Filter>
    <Filter Include="Shared\JsonCpp">
      <UniqueIdentifier>{16bf547b-0ba3-4da5-b3e6-86cfd56b94a8}</UniqueIdentifier>
    </Filter>
    <Filter Include="Shared\JsonCpp\src">
      <UniqueIdentifier>{d660b0c0-e65b-4d66-98d1-4cfa9b3261dc}</UniqueIdentifier>
    </Filter>
    <Filter Include="Shared\JsonCpp\include">
      <UniqueIdentifier>{9f0e4ab4-5d2e-4d5f-9d2f-48d72a6b9d85}</UniqueIdentifier>
    </Filter>
    <Filter Include="Shared\JsonCpp\include\json">
      <UniqueIdentifier>{857d5015-45ab-4c4c-9cd5-abd7635a8062}</UniqueIdentifier>
    </Filter>
    <Filter Include="Shared\FBXLoader">
      <UniqueIdentifier>{eeea0e4d-4786-4216-b09e-f8140f14f8b4}</UniqueIdentifier>
    </Filter>
    <Filter Include="Shared\Utility">
      <UniqueIdentifier>{8f9f6558-e3a7-489b-a257-f902be9b9af2}</UniqueIdentifier>
    </Filter>
    <Filter Include="Shared\Utility\Common">
      <UniqueIdentifier>{08b8f2a4-c841-4c7c-8c60-c92182540687}</UniqueIdentifier>
    </Filter>
    <Filter Include="Shared\Utility\Include">
      <UniqueIdentifier>{4948afb9-e488-4f06-b2dd-de74880676a7}</UniqueIdentifier>
    </Filter>
  </ItemGroup>
  <ItemGroup>
    <ClInclude Include="..\..\Shared\ImageOptimizedUtility.h">
      <Filter>Shared</Filter>
    </ClInclude>
    <ClInclude Include="..\..\Shared\JsonCpp\include\json\allocator.h">
      <Filter>Shared\JsonCpp\include\json</Filter>
    </ClInclude>
    <ClInclude Include="..\..\Shared\JsonCpp\include\json\assertions.h">
      <Filter>Shared\JsonCpp\include\json</Filter>
    </ClInclude>
    <ClInclude Include="..\..\Shared\JsonCpp\include\json\autolink.h">
      <Filter>Shared\JsonCpp\include\json</Filter>
    </ClInclude>
    <ClInclude Include="..\..\Shared\JsonCpp\include\json\config.h">
      <Filter>Shared\JsonCpp\include\json</Filter>
    </ClInclude>
    <ClInclude Include="..\..\Shared\JsonCpp\include\json\features.h">
      <Filter>Shared\JsonCpp\include\json</Filter>
    </ClInclude>
    <ClInclude Include="..\..\Shared\JsonCpp\include\json\forwards.h">
      <Filter>Shared\JsonCpp\include\json</Filter>
    </ClInclude>
    <ClInclude Include="..\..\Shared\JsonCpp\include\json\json.h">
      <Filter>Shared\JsonCpp\include\json</Filter>
    </ClInclude>
    <ClInclude Include="..\..\Shared\JsonCpp\include\json\reader.h">
      <Filter>Shared\JsonCpp\include\json</Filter>
    </ClInclude>
    <ClInclude Include="..\..\Shared\JsonCpp\include\json\value.h">
      <Filter>Shared\JsonCpp\include\json</Filter>
    </ClInclude>
    <ClInclude Include="..\..\Shared\JsonCpp\include\json\version.h">
      <Filter>Shared\JsonCpp\include\json</Filter>
    </ClInclude>
    <ClInclude Include="..\..\Shared\JsonCpp\include\json\writer.h">
      <Filter>Shared\JsonCpp\include\json</Filter>
    </ClInclude>
    <ClInclude Include="..\..\Shared\JsonCpp\src\json_tool.h">
      <Filter>Shared\JsonCpp\src</Filter>
    </ClInclude>
    <ClInclude Include="stdafx.h">
      <Filter>Header Files</Filter>
    </ClInclude>
    <ClInclude Include="targetver.h">
      <Filter>Header Files</Filter>
    </ClInclude>
    <ClInclude Include="..\..\Shared\BoneUtility.h">
      <Filter>Shared</Filter>
    </ClInclude>
    <ClInclude Include="..\..\Shared\FacePlusWrapper.h">
      <Filter>Shared</Filter>
    </ClInclude>
    <ClInclude Include="..\..\Shared\FBXImportUtility.h">
      <Filter>Shared</Filter>
    </ClInclude>
    <ClInclude Include="..\..\Shared\FBXLoader\FBXLoader.h">
      <Filter>Shared\FBXLoader</Filter>
    </ClInclude>
    <ClInclude Include="..\..\Shared\FBXLoader\targa.h">
      <Filter>Shared\FBXLoader</Filter>
    </ClInclude>
    <ClInclude Include="..\..\Shared\Utility\Include\ogldev.h">
      <Filter>Shared\Utility\Include</Filter>
    </ClInclude>
    <ClInclude Include="..\..\Shared\Utility\Include\ogldev_app.h">
      <Filter>Shared\Utility\Include</Filter>
    </ClInclude>
    <ClInclude Include="..\..\Shared\Utility\Include\ogldev_atb.h">
      <Filter>Shared\Utility\Include</Filter>
    </ClInclude>
    <ClInclude Include="..\..\Shared\Utility\Include\ogldev_backend.h">
      <Filter>Shared\Utility\Include</Filter>
    </ClInclude>
    <ClInclude Include="..\..\Shared\Utility\Include\ogldev_basic_lighting.h">
      <Filter>Shared\Utility\Include</Filter>
    </ClInclude>
    <ClInclude Include="..\..\Shared\Utility\Include\ogldev_basic_mesh.h">
      <Filter>Shared\Utility\Include</Filter>
    </ClInclude>
    <ClInclude Include="..\..\Shared\Utility\Include\ogldev_callbacks.h">
      <Filter>Shared\Utility\Include</Filter>
    </ClInclude>
    <ClInclude Include="..\..\Shared\Utility\Include\ogldev_camera.h">
      <Filter>Shared\Utility\Include</Filter>
    </ClInclude>
    <ClInclude Include="..\..\Shared\Utility\Include\ogldev_cubemap_texture.h">
      <Filter>Shared\Utility\Include</Filter>
    </ClInclude>
    <ClInclude Include="..\..\Shared\Utility\Include\ogldev_engine_common.h">
      <Filter>Shared\Utility\Include</Filter>
    </ClInclude>
    <ClInclude Include="..\..\Shared\Utility\Include\ogldev_glfw_backend.h">
      <Filter>Shared\Utility\Include</Filter>
    </ClInclude>
    <ClInclude Include="..\..\Shared\Utility\Include\ogldev_glut_backend.h">
      <Filter>Shared\Utility\Include</Filter>
    </ClInclude>
    <ClInclude Include="..\..\Shared\Utility\Include\ogldev_io_buffer.h">
      <Filter>Shared\Utility\Include</Filter>
    </ClInclude>
    <ClInclude Include="..\..\Shared\Utility\Include\ogldev_keys.h">
      <Filter>Shared\Utility\Include</Filter>
    </ClInclude>
    <ClInclude Include="..\..\Shared\Utility\Include\ogldev_lights_common.h">
      <Filter>Shared\Utility\Include</Filter>
    </ClInclude>
    <ClInclude Include="..\..\Shared\Utility\Include\ogldev_math_3d.h">
      <Filter>Shared\Utility\Include</Filter>
    </ClInclude>
    <ClInclude Include="..\..\Shared\Utility\Include\ogldev_pipeline.h">
      <Filter>Shared\Utility\Include</Filter>
    </ClInclude>
    <ClInclude Include="..\..\Shared\Utility\Include\ogldev_random_texture.h">
      <Filter>Shared\Utility\Include</Filter>
    </ClInclude>
    <ClInclude Include="..\..\Shared\Utility\Include\ogldev_shadow_map_fbo.h">
      <Filter>Shared\Utility\Include</Filter>
    </ClInclude>
    <ClInclude Include="..\..\Shared\Utility\Include\ogldev_skinned_mesh.h">
      <Filter>Shared\Utility\Include</Filter>
    </ClInclude>
    <ClInclude Include="..\..\Shared\Utility\Include\ogldev_texture.h">
      <Filter>Shared\Utility\Include</Filter>
    </ClInclude>
    <ClInclude Include="..\..\Shared\Utility\Include\ogldev_types.h">
      <Filter>Shared\Utility\Include</Filter>
    </ClInclude>
    <ClInclude Include="..\..\Shared\Utility\Include\ogldev_util.h">
      <Filter>Shared\Utility\Include</Filter>
    </ClInclude>
    <ClInclude Include="..\..\Shared\Utility\Include\ogldev_vulkan.h">
      <Filter>Shared\Utility\Include</Filter>
    </ClInclude>
    <ClInclude Include="..\..\Shared\Utility\Include\ogldev_vulkan_core.h">
      <Filter>Shared\Utility\Include</Filter>
    </ClInclude>
    <ClInclude Include="..\..\Shared\Utility\Include\ogldev_win32_control.h">
      <Filter>Shared\Utility\Include</Filter>
    </ClInclude>
    <ClInclude Include="..\..\Shared\Utility\Include\ogldev_xcb_control.h">
      <Filter>Shared\Utility\Include</Filter>
    </ClInclude>
    <ClInclude Include="..\..\Shared\Utility\Include\technique.h">
      <Filter>Shared\Utility\Include</Filter>
    </ClInclude>
    <ClInclude Include="..\..\Shared\CommonTechnique.h">
      <Filter>Shared</Filter>
    </ClInclude>
    <ClInclude Include="..\..\Shared\FaceCloudLib.h">
      <Filter>Shared</Filter>
    </ClInclude>
    <ClInclude Include="..\..\Shared\MeshBase.h">
      <Filter>Shared</Filter>
    </ClInclude>
    <ClInclude Include="..\..\Shared\RenderTextureTechnique.h">
      <Filter>Shared</Filter>
    </ClInclude>
    <ClInclude Include="..\..\Shared\SkinningTechnique.h">
      <Filter>Shared</Filter>
    </ClInclude>
    <ClInclude Include="..\..\Shared\UnlitSkinningTechnique.h">
      <Filter>Shared</Filter>
    </ClInclude>
    <ClInclude Include="..\..\Shared\OSMesaContext.h">
      <Filter>Shared</Filter>
    </ClInclude>
  </ItemGroup>
  <ItemGroup>
    <ClCompile Include="stdafx.cpp">
      <Filter>Source Files</Filter>
    </ClCompile>
    <ClCompile Include="WindowsApp.cpp">
      <Filter>Source Files</Filter>
    </ClCompile>
    <ClCompile Include="..\..\Shared\ImageOptimizedUtility.cpp">
      <Filter>Shared</Filter>
    </ClCompile>
    <ClCompile Include="..\..\Shared\JsonCpp\src\json_reader.cpp">
      <Filter>Shared\JsonCpp\src</Filter>
    </ClCompile>
    <ClCompile Include="..\..\Shared\JsonCpp\src\json_value.cpp">
      <Filter>Shared\JsonCpp\src</Filter>
    </ClCompile>
    <ClCompile Include="..\..\Shared\JsonCpp\src\json_writer.cpp">
      <Filter>Shared\JsonCpp\src</Filter>
    </ClCompile>
    <ClCompile Include="..\..\Shared\BoneUtility.cpp">
      <Filter>Shared</Filter>
    </ClCompile>
    <ClCompile Include="..\..\Shared\FacePlusWrapper.cpp">
      <Filter>Shared</Filter>
    </ClCompile>
    <ClCompile Include="..\..\Shared\FBXImportUtility.cpp">
      <Filter>Shared</Filter>
    </ClCompile>
    <ClCompile Include="..\..\Shared\FBXLoader\FBXLoader.cpp">
      <Filter>Shared\FBXLoader</Filter>
    </ClCompile>
    <ClCompile Include="..\..\Shared\FBXLoader\targa.cpp">
      <Filter>Shared\FBXLoader</Filter>
    </ClCompile>
    <ClCompile Include="..\..\Shared\Utility\Common\camera.cpp">
      <Filter>Shared\Utility\Common</Filter>
    </ClCompile>
    <ClCompile Include="..\..\Shared\Utility\Common\cubemap_texture.cpp">
      <Filter>Shared\Utility\Common</Filter>
    </ClCompile>
    <ClCompile Include="..\..\Shared\Utility\Common\glut_backend.cpp">
      <Filter>Shared\Utility\Common</Filter>
    </ClCompile>
    <ClCompile Include="..\..\Shared\Utility\Common\io_buffer.cpp">
      <Filter>Shared\Utility\Common</Filter>
    </ClCompile>
    <ClCompile Include="..\..\Shared\Utility\Common\math_3d.cpp">
      <Filter>Shared\Utility\Common</Filter>
    </ClCompile>
    <ClCompile Include="..\..\Shared\Utility\Common\ogldev_app.cpp">
      <Filter>Shared\Utility\Common</Filter>
    </ClCompile>
    <ClCompile Include="..\..\Shared\Utility\Common\ogldev_atb.cpp">
      <Filter>Shared\Utility\Common</Filter>
    </ClCompile>
    <ClCompile Include="..\..\Shared\Utility\Common\ogldev_backend.cpp">
      <Filter>Shared\Utility\Common</Filter>
    </ClCompile>
    <ClCompile Include="..\..\Shared\Utility\Common\ogldev_basic_lighting.cpp">
      <Filter>Shared\Utility\Common</Filter>
    </ClCompile>
    <ClCompile Include="..\..\Shared\Utility\Common\ogldev_basic_mesh.cpp">
      <Filter>Shared\Utility\Common</Filter>
    </ClCompile>
    <ClCompile Include="..\..\Shared\Utility\Common\ogldev_glfw_backend.cpp">
      <Filter>Shared\Utility\Common</Filter>
    </ClCompile>
    <ClCompile Include="..\..\Shared\Utility\Common\ogldev_shadow_map_fbo.cpp">
      <Filter>Shared\Utility\Common</Filter>
    </ClCompile>
    <ClCompile Include="..\..\Shared\Utility\Common\ogldev_skinned_mesh.cpp">
      <Filter>Shared\Utility\Common</Filter>
    </ClCompile>
    <ClCompile Include="..\..\Shared\Utility\Common\ogldev_texture.cpp">
      <Filter>Shared\Utility\Common</Filter>
    </ClCompile>
    <ClCompile Include="..\..\Shared\Utility\Common\ogldev_util.cpp">
      <Filter>Shared\Utility\Common</Filter>
    </ClCompile>
    <ClCompile Include="..\..\Shared\Utility\Common\ogldev_vulkan.cpp">
      <Filter>Shared\Utility\Common</Filter>
    </ClCompile>
    <ClCompile Include="..\..\Shared\Utility\Common\ogldev_vulkan_core.cpp">
      <Filter>Shared\Utility\Common</Filter>
    </ClCompile>
    <ClCompile Include="..\..\Shared\Utility\Common\ogldev_win32_control.cpp">
      <Filter>Shared\Utility\Common</Filter>
    </ClCompile>
    <ClCompile Include="..\..\Shared\Utility\Common\ogldev_xcb_control.cpp">
      <Filter>Shared\Utility\Common</Filter>
    </ClCompile>
    <ClCompile Include="..\..\Shared\Utility\Common\pipeline.cpp">
      <Filter>Shared\Utility\Common</Filter>
    </ClCompile>
    <ClCompile Include="..\..\Shared\Utility\Common\random_texture.cpp">
      <Filter>Shared\Utility\Common</Filter>
    </ClCompile>
    <ClCompile Include="..\..\Shared\Utility\Common\technique.cpp">
      <Filter>Shared\Utility\Common</Filter>
    </ClCompile>
    <ClCompile Include="LoadFBXMain.cpp">
      <Filter>Source Files</Filter>
    </ClCompile>
    <ClCompile Include="LibCaller.cpp">
      <Filter>Source Files</Filter>
    </ClCompile>
    <ClCompile Include="..\..\Shared\CommonTechnique.cpp">
      <Filter>Shared</Filter>
    </ClCompile>
    <ClCompile Include="..\..\Shared\FaceCloudLib.cpp">
      <Filter>Shared</Filter>
    </ClCompile>
    <ClCompile Include="..\..\Shared\MeshBase.cpp">
      <Filter>Shared</Filter>
    </ClCompile>
    <ClCompile Include="..\..\Shared\RenderTextureTechnique.cpp">
      <Filter>Shared</Filter>
    </ClCompile>
    <ClCompile Include="..\..\Shared\SkinningTechnique.cpp">
      <Filter>Shared</Filter>
    </ClCompile>
    <ClCompile Include="..\..\Shared\UnlitSkinningTechnique.cpp">
      <Filter>Shared</Filter>
    </ClCompile>
    <ClCompile Include="..\..\Shared\OSMesaContext.cpp">
      <Filter>Shared</Filter>
    </ClCompile>
  </ItemGroup>
  <ItemGroup>
    <None Include="..\..\Shared\JsonCpp\src\json_valueiterator.inl">
      <Filter>Shared\JsonCpp\src</Filter>
    </None>
    <None Include="packages.config" />
  </ItemGroup>
</Project>